
Microsoft Visual Studio Solution File, Format Version 12.00
# Visual Studio Version 17
VisualStudioVersion = 17.3.32901.215
MinimumVisualStudioVersion = 10.0.40219.1
Project("{FAE04EC0-301F-11D3-BF4B-00C04F79EFBC}") = "FinalProject", "FinalProject\FinalProject.csproj", "{0FB93C54-3E10-4A88-AFAE-42B0C831246A}"
EndProject
Global
	GlobalSection(SolutionConfigurationPlatforms) = preSolution
		Debug|Any CPU = Debug|Any CPU
		Release|Any CPU = Release|Any CPU
	EndGlobalSection
	GlobalSection(ProjectConfigurationPlatforms) = postSolution
		{0FB93C54-3E10-4A88-AFAE-42B0C831246A}.Debug|Any CPU.ActiveCfg = Debug|Any CPU
		{0FB93C54-3E10-4A88-AFAE-42B0C831246A}.Debug|Any CPU.Build.0 = Debug|Any CPU
		{0FB93C54-3E10-4A88-AFAE-42B0C831246A}.Release|Any CPU.ActiveCfg = Release|Any CPU
		{0FB93C54-3E10-4A88-AFAE-42B0C831246A}.Release|Any CPU.Build.0 = Release|Any CPU
	EndGlobalSection
	GlobalSection(SolutionProperties) = preSolution
		HideSolutionNode = FALSE
	EndGlobalSection
	GlobalSection(ExtensibilityGlobals) = postSolution
		SolutionGuid = {1CF92AB8-2866-41FC-977E-26938479F0E5}
	EndGlobalSection
EndGlobal
